
Microsoft Visual Studio Solution File, Format Version 12.00
# Visual Studio Version 16
VisualStudioVersion = 16.0.31424.327
MinimumVisualStudioVersion = 10.0.40219.1
Project("{2150E333-8FDC-42A3-9474-1A3956D46DE8}") = "BPMSystem.DAL", "BPMSystem.DAL", "{82FB0C76-669E-4AC2-A93D-B7A0BDEDBD9B}"
EndProject
Project("{FAE04EC0-301F-11D3-BF4B-00C04F79EFBC}") = "BPMSystem.DAL", "BPMSystem.DAL\BPMSystem.DAL.csproj", "{A2B4642C-472A-449D-9FC8-BC1147E72C4B}"
EndProject
Project("{2150E333-8FDC-42A3-9474-1A3956D46DE8}") = "BPMSystem.BLL", "BPMSystem.BLL", "{C6370636-AD87-4E9B-9E42-15B7A06129AC}"
EndProject
Project("{FAE04EC0-301F-11D3-BF4B-00C04F79EFBC}") = "BPMSystem.BLL", "BPMSystem.BLL\BPMSystem.BLL.csproj", "{5DAA792B-0A3D-4ABF-ACD1-721D9C9E275F}"
EndProject
Project("{2150E333-8FDC-42A3-9474-1A3956D46DE8}") = "Services", "Services", "{5E0AC667-6953-4F78-8231-460C587BC9B9}"
	ProjectSection(SolutionItems) = preProject
		BPMSystem.BLL\Services\DepartmentServices.cs = BPMSystem.BLL\Services\DepartmentServices.cs
	EndProjectSection
EndProject
Project("{2150E333-8FDC-42A3-9474-1A3956D46DE8}") = "Web", "Web", "{EBEE67C5-7291-4838-B429-B9C9F7A4B422}"
EndProject
Project("{FAE04EC0-301F-11D3-BF4B-00C04F79EFBC}") = "BPMSystem.Web", "BPMSystem.Web\BPMSystem.Web.csproj", "{FB0F9C2E-5D71-45B4-856A-0765C54632FC}"
EndProject
Global
	GlobalSection(SolutionConfigurationPlatforms) = preSolution
		Debug|Any CPU = Debug|Any CPU
		Release|Any CPU = Release|Any CPU
	EndGlobalSection
	GlobalSection(ProjectConfigurationPlatforms) = postSolution
		{A2B4642C-472A-449D-9FC8-BC1147E72C4B}.Debug|Any CPU.ActiveCfg = Debug|Any CPU
		{A2B4642C-472A-449D-9FC8-BC1147E72C4B}.Debug|Any CPU.Build.0 = Debug|Any CPU
		{A2B4642C-472A-449D-9FC8-BC1147E72C4B}.Release|Any CPU.ActiveCfg = Release|Any CPU
		{A2B4642C-472A-449D-9FC8-BC1147E72C4B}.Release|Any CPU.Build.0 = Release|Any CPU
		{5DAA792B-0A3D-4ABF-ACD1-721D9C9E275F}.Debug|Any CPU.ActiveCfg = Debug|Any CPU
		{5DAA792B-0A3D-4ABF-ACD1-721D9C9E275F}.Debug|Any CPU.Build.0 = Debug|Any CPU
		{5DAA792B-0A3D-4ABF-ACD1-721D9C9E275F}.Release|Any CPU.ActiveCfg = Release|Any CPU
		{5DAA792B-0A3D-4ABF-ACD1-721D9C9E275F}.Release|Any CPU.Build.0 = Release|Any CPU
		{FB0F9C2E-5D71-45B4-856A-0765C54632FC}.Debug|Any CPU.ActiveCfg = Debug|Any CPU
		{FB0F9C2E-5D71-45B4-856A-0765C54632FC}.Debug|Any CPU.Build.0 = Debug|Any CPU
		{FB0F9C2E-5D71-45B4-856A-0765C54632FC}.Release|Any CPU.ActiveCfg = Release|Any CPU
		{FB0F9C2E-5D71-45B4-856A-0765C54632FC}.Release|Any CPU.Build.0 = Release|Any CPU
	EndGlobalSection
	GlobalSection(SolutionProperties) = preSolution
		HideSolutionNode = FALSE
	EndGlobalSection
	GlobalSection(NestedProjects) = preSolution
		{A2B4642C-472A-449D-9FC8-BC1147E72C4B} = {82FB0C76-669E-4AC2-A93D-B7A0BDEDBD9B}
		{5DAA792B-0A3D-4ABF-ACD1-721D9C9E275F} = {C6370636-AD87-4E9B-9E42-15B7A06129AC}
		{5E0AC667-6953-4F78-8231-460C587BC9B9} = {C6370636-AD87-4E9B-9E42-15B7A06129AC}
		{FB0F9C2E-5D71-45B4-856A-0765C54632FC} = {EBEE67C5-7291-4838-B429-B9C9F7A4B422}
	EndGlobalSection
	GlobalSection(ExtensibilityGlobals) = postSolution
		SolutionGuid = {86045F3B-7888-4EBA-B3E6-9B5C31FCDB3A}
	EndGlobalSection
EndGlobal
